{
    "version": 3,
    "terraform_version": "0.9.11",
    "serial": 9,
    "lineage": "2b9469b5-d120-46ab-999e-d8976710965b",
    "modules": [
        {
            "path": [
                "root"
            ],
            "outputs": {},
            "resources": {
                "aws_instance.control_node": {
                    "type": "aws_instance",
                    "depends_on": [
                        "module.iam-profiles",
                        "module.security-groups",
                        "module.ssh-key",
                        "module.vpc"
                    ],
                    "primary": {
                        "id": "i-0afb4cb9a777f02ff",
                        "attributes": {
                            "ami": "ami-d2c924b2",
                            "associate_public_ip_address": "true",
                            "availability_zone": "us-west-2a",
                            "disable_api_termination": "false",
                            "ebs_block_device.#": "0",
                            "ebs_optimized": "false",
                            "ephemeral_block_device.#": "0",
                            "iam_instance_profile": "mantl-control-profile",
                            "id": "i-0afb4cb9a777f02ff",
                            "instance_state": "running",
                            "instance_type": "m3.medium",
                            "ipv6_addresses.#": "0",
                            "key_name": "key-mantl",
                            "monitoring": "false",
                            "network_interface.#": "0",
                            "network_interface_id": "eni-c21614f3",
                            "primary_network_interface_id": "eni-c21614f3",
                            "private_dns": "ip-10-1-1-142.us-west-2.compute.internal",
                            "private_ip": "10.1.1.142",
                            "public_dns": "ec2-34-214-45-167.us-west-2.compute.amazonaws.com",
                            "public_ip": "34.214.45.167",
                            "root_block_device.#": "1",
                            "root_block_device.0.delete_on_termination": "true",
                            "root_block_device.0.iops": "100",
                            "root_block_device.0.volume_size": "20",
                            "root_block_device.0.volume_type": "gp2",
                            "security_groups.#": "0",
                            "source_dest_check": "true",
                            "subnet_id": "subnet-b75b84ff",
                            "tags.%": "5",
                            "tags.KubernetesCluster": "mantl",
                            "tags.Name": "mantl-control-01",
                            "tags.dc": "aws-us-west-2",
                            "tags.role": "control",
                            "tags.sshUser": "centos",
                            "tenancy": "default",
                            "volume_tags.%": "0",
                            "vpc_security_group_ids.#": "3",
                            "vpc_security_group_ids.1458870431": "sg-25ba7758",
                            "vpc_security_group_ids.1588834110": "sg-23bc715e",
                            "vpc_security_group_ids.1761477728": "sg-afbf72d2"
                        },
                        "meta": {
                            "e2bfb730-ecaa-11e6-8f88-34363bc7c4c0": {
                                "create": 600000000000,
                                "delete": 600000000000,
                                "update": 600000000000
                            },
                            "schema_version": "1"
                        },
                        "tainted": false
                    },
                    "deposed": [],
                    "provider": ""
                }
            },
            "depends_on": []
        },
        {
            "path": [
                "root",
                "control-nodes"
            ],
            "outputs": {},
            "resources": {},
            "depends_on": []
        },
        {
            "path": [
                "root",
                "iam-profiles"
            ],
            "outputs": {
                "control_iam_instance_profile": {
                    "sensitive": false,
                    "type": "string",
                    "value": "mantl-control-profile"
                }
            },
            "resources": {
                "aws_iam_instance_profile.control_profile": {
                    "type": "aws_iam_instance_profile",
                    "depends_on": [
                        "aws_iam_role.control_role"
                    ],
                    "primary": {
                        "id": "mantl-control-profile",
                        "attributes": {
                            "arn": "arn:aws:iam::186454388355:instance-profile/mantl-control-profile",
                            "id": "mantl-control-profile",
                            "name": "mantl-control-profile",
                            "path": "/",
                            "role": "mantl-control-role",
                            "roles.#": "0",
                            "unique_id": "AIPAJFLLDYPB3HWQVLAFM"
                        },
                        "meta": {},
                        "tainted": false
                    },
                    "deposed": [],
                    "provider": ""
                },
                "aws_iam_role.control_role": {
                    "type": "aws_iam_role",
                    "depends_on": [],
                    "primary": {
                        "id": "mantl-control-role",
                        "attributes": {
                            "arn": "arn:aws:iam::186454388355:role/mantl-control-role",
                            "assume_role_policy": "{\"Version\":\"2012-10-17\",\"Statement\":[{\"Effect\":\"Allow\",\"Principal\":{\"Service\":\"ec2.amazonaws.com\"},\"Action\":\"sts:AssumeRole\"}]}",
                            "create_date": "2017-09-25T00:48:50Z",
                            "id": "mantl-control-role",
                            "name": "mantl-control-role",
                            "path": "/",
                            "unique_id": "AROAJUXPUYO5HHDXR6KPE"
                        },
                        "meta": {},
                        "tainted": false
                    },
                    "deposed": [],
                    "provider": ""
                },
                "aws_iam_role_policy.control_policy": {
                    "type": "aws_iam_role_policy",
                    "depends_on": [
                        "aws_iam_role.control_role"
                    ],
                    "primary": {
                        "id": "mantl-control-role:mantl-control-policy",
                        "attributes": {
                            "id": "mantl-control-role:mantl-control-policy",
                            "name": "mantl-control-policy",
                            "policy": "{\n  \"Version\": \"2012-10-17\",\n  \"Statement\": [\n    {\n      \"Effect\": \"Allow\",\n      \"Action\": [\"ec2:*\"],\n      \"Resource\": [\"*\"]\n    },\n    {\n      \"Effect\": \"Allow\",\n      \"Action\": [\"elasticloadbalancing:*\"],\n      \"Resource\": [\"*\"]\n    },\n    {\n      \"Effect\": \"Allow\",\n      \"Action\": [\"route53:*\"],\n      \"Resource\": [\"*\"]\n    }\n  ]\n}\n",
                            "role": "mantl-control-role"
                        },
                        "meta": {},
                        "tainted": false
                    },
                    "deposed": [],
                    "provider": ""
                }
            },
            "depends_on": []
        },
        {
            "path": [
                "root",
                "route53"
            ],
            "outputs": {
                "control_fqdn": {
                    "sensitive": false,
                    "type": "string",
                    "value": "mantl-control-01.node.hongqi.com"
                }
            },
            "resources": {
                "aws_route53_record.dns-control": {
                    "type": "aws_route53_record",
                    "depends_on": [],
                    "primary": {
                        "id": "Z15OHQVEEQ76RR_mantl-control-01.node.hongqi.com._A",
                        "attributes": {
                            "fqdn": "mantl-control-01.node.hongqi.com",
                            "health_check_id": "",
                            "id": "Z15OHQVEEQ76RR_mantl-control-01.node.hongqi.com._A",
                            "name": "mantl-control-01.node.hongqi.com",
                            "records.#": "1",
                            "records.528803462": "34.214.45.167",
                            "set_identifier": "",
                            "ttl": "60",
                            "type": "A",
                            "zone_id": "Z15OHQVEEQ76RR"
                        },
                        "meta": {
                            "schema_version": "2"
                        },
                        "tainted": false
                    },
                    "deposed": [],
                    "provider": ""
                },
                "aws_route53_record.dns-control-group": {
                    "type": "aws_route53_record",
                    "depends_on": [],
                    "primary": {
                        "id": "Z15OHQVEEQ76RR_control.dev.hongqi.com._A",
                        "attributes": {
                            "fqdn": "control.dev.hongqi.com",
                            "health_check_id": "",
                            "id": "Z15OHQVEEQ76RR_control.dev.hongqi.com._A",
                            "name": "control.dev.hongqi.com",
                            "records.#": "1",
                            "records.528803462": "34.214.45.167",
                            "set_identifier": "",
                            "ttl": "60",
                            "type": "A",
                            "zone_id": "Z15OHQVEEQ76RR"
                        },
                        "meta": {
                            "schema_version": "2"
                        },
                        "tainted": false
                    },
                    "deposed": [],
                    "provider": ""
                }
            },
            "depends_on": []
        },
        {
            "path": [
                "root",
                "security-groups"
            ],
            "outputs": {
                "control_security_group": {
                    "sensitive": false,
                    "type": "string",
                    "value": "sg-23bc715e"
                },
                "edge_security_group": {
                    "sensitive": false,
                    "type": "string",
                    "value": "sg-20bc715d"
                },
                "ui_security_group": {
                    "sensitive": false,
                    "type": "string",
                    "value": "sg-25ba7758"
                },
                "worker_security_group": {
                    "sensitive": false,
                    "type": "string",
                    "value": "sg-a8b875d5"
                }
            },
            "resources": {
                "aws_security_group.control": {
                    "type": "aws_security_group",
                    "depends_on": [],
                    "primary": {
                        "id": "sg-23bc715e",
                        "attributes": {
                            "description": "Allow inbound traffic for control nodes",
                            "egress.#": "0",
                            "id": "sg-23bc715e",
                            "ingress.#": "6",
                            "ingress.137880784.cidr_blocks.#": "1",
                            "ingress.137880784.cidr_blocks.0": "0.0.0.0/0",
                            "ingress.137880784.from_port": "5050",
                            "ingress.137880784.ipv6_cidr_blocks.#": "0",
                            "ingress.137880784.protocol": "tcp",
                            "ingress.137880784.security_groups.#": "0",
                            "ingress.137880784.self": "false",
                            "ingress.137880784.to_port": "5050",
                            "ingress.1799340084.cidr_blocks.#": "1",
                            "ingress.1799340084.cidr_blocks.0": "0.0.0.0/0",
                            "ingress.1799340084.from_port": "-1",
                            "ingress.1799340084.ipv6_cidr_blocks.#": "0",
                            "ingress.1799340084.protocol": "icmp",
                            "ingress.1799340084.security_groups.#": "0",
                            "ingress.1799340084.self": "false",
                            "ingress.1799340084.to_port": "-1",
                            "ingress.2541437006.cidr_blocks.#": "1",
                            "ingress.2541437006.cidr_blocks.0": "0.0.0.0/0",
                            "ingress.2541437006.from_port": "22",
                            "ingress.2541437006.ipv6_cidr_blocks.#": "0",
                            "ingress.2541437006.protocol": "tcp",
                            "ingress.2541437006.security_groups.#": "0",
                            "ingress.2541437006.self": "false",
                            "ingress.2541437006.to_port": "22",
                            "ingress.3482902040.cidr_blocks.#": "1",
                            "ingress.3482902040.cidr_blocks.0": "0.0.0.0/0",
                            "ingress.3482902040.from_port": "8500",
                            "ingress.3482902040.ipv6_cidr_blocks.#": "0",
                            "ingress.3482902040.protocol": "tcp",
                            "ingress.3482902040.security_groups.#": "0",
                            "ingress.3482902040.self": "false",
                            "ingress.3482902040.to_port": "8500",
                            "ingress.516175195.cidr_blocks.#": "1",
                            "ingress.516175195.cidr_blocks.0": "0.0.0.0/0",
                            "ingress.516175195.from_port": "8080",
                            "ingress.516175195.ipv6_cidr_blocks.#": "0",
                            "ingress.516175195.protocol": "tcp",
                            "ingress.516175195.security_groups.#": "0",
                            "ingress.516175195.self": "false",
                            "ingress.516175195.to_port": "8080",
                            "ingress.871967094.cidr_blocks.#": "1",
                            "ingress.871967094.cidr_blocks.0": "0.0.0.0/0",
                            "ingress.871967094.from_port": "4400",
                            "ingress.871967094.ipv6_cidr_blocks.#": "0",
                            "ingress.871967094.protocol": "tcp",
                            "ingress.871967094.security_groups.#": "0",
                            "ingress.871967094.self": "false",
                            "ingress.871967094.to_port": "4400",
                            "name": "mantl-control",
                            "owner_id": "186454388355",
                            "tags.%": "1",
                            "tags.KubernetesCluster": "mantl",
                            "vpc_id": "vpc-55fc9533"
                        },
                        "meta": {},
                        "tainted": false
                    },
                    "deposed": [],
                    "provider": ""
                },
                "aws_security_group.edge": {
                    "type": "aws_security_group",
                    "depends_on": [],
                    "primary": {
                        "id": "sg-20bc715d",
                        "attributes": {
                            "description": "Allow inbound traffic for edge routing",
                            "egress.#": "0",
                            "id": "sg-20bc715d",
                            "ingress.#": "3",
                            "ingress.2214680975.cidr_blocks.#": "1",
                            "ingress.2214680975.cidr_blocks.0": "0.0.0.0/0",
                            "ingress.2214680975.from_port": "80",
                            "ingress.2214680975.ipv6_cidr_blocks.#": "0",
                            "ingress.2214680975.protocol": "tcp",
                            "ingress.2214680975.security_groups.#": "0",
                            "ingress.2214680975.self": "false",
                            "ingress.2214680975.to_port": "80",
                            "ingress.2541437006.cidr_blocks.#": "1",
                            "ingress.2541437006.cidr_blocks.0": "0.0.0.0/0",
                            "ingress.2541437006.from_port": "22",
                            "ingress.2541437006.ipv6_cidr_blocks.#": "0",
                            "ingress.2541437006.protocol": "tcp",
                            "ingress.2541437006.security_groups.#": "0",
                            "ingress.2541437006.self": "false",
                            "ingress.2541437006.to_port": "22",
                            "ingress.2617001939.cidr_blocks.#": "1",
                            "ingress.2617001939.cidr_blocks.0": "0.0.0.0/0",
                            "ingress.2617001939.from_port": "443",
                            "ingress.2617001939.ipv6_cidr_blocks.#": "0",
                            "ingress.2617001939.protocol": "tcp",
                            "ingress.2617001939.security_groups.#": "0",
                            "ingress.2617001939.self": "false",
                            "ingress.2617001939.to_port": "443",
                            "name": "mantl-edge",
                            "owner_id": "186454388355",
                            "tags.%": "1",
                            "tags.KubernetesCluster": "mantl",
                            "vpc_id": "vpc-55fc9533"
                        },
                        "meta": {},
                        "tainted": false
                    },
                    "deposed": [],
                    "provider": ""
                },
                "aws_security_group.ui": {
                    "type": "aws_security_group",
                    "depends_on": [],
                    "primary": {
                        "id": "sg-25ba7758",
                        "attributes": {
                            "description": "Allow inbound traffic for Mantl UI",
                            "egress.#": "0",
                            "id": "sg-25ba7758",
                            "ingress.#": "3",
                            "ingress.2214680975.cidr_blocks.#": "1",
                            "ingress.2214680975.cidr_blocks.0": "0.0.0.0/0",
                            "ingress.2214680975.from_port": "80",
                            "ingress.2214680975.ipv6_cidr_blocks.#": "0",
                            "ingress.2214680975.protocol": "tcp",
                            "ingress.2214680975.security_groups.#": "0",
                            "ingress.2214680975.self": "false",
                            "ingress.2214680975.to_port": "80",
                            "ingress.2617001939.cidr_blocks.#": "1",
                            "ingress.2617001939.cidr_blocks.0": "0.0.0.0/0",
                            "ingress.2617001939.from_port": "443",
                            "ingress.2617001939.ipv6_cidr_blocks.#": "0",
                            "ingress.2617001939.protocol": "tcp",
                            "ingress.2617001939.security_groups.#": "0",
                            "ingress.2617001939.self": "false",
                            "ingress.2617001939.to_port": "443",
                            "ingress.3482902040.cidr_blocks.#": "1",
                            "ingress.3482902040.cidr_blocks.0": "0.0.0.0/0",
                            "ingress.3482902040.from_port": "8500",
                            "ingress.3482902040.ipv6_cidr_blocks.#": "0",
                            "ingress.3482902040.protocol": "tcp",
                            "ingress.3482902040.security_groups.#": "0",
                            "ingress.3482902040.self": "false",
                            "ingress.3482902040.to_port": "8500",
                            "name": "mantl-ui",
                            "owner_id": "186454388355",
                            "tags.%": "1",
                            "tags.KubernetesCluster": "mantl",
                            "vpc_id": "vpc-55fc9533"
                        },
                        "meta": {},
                        "tainted": false
                    },
                    "deposed": [],
                    "provider": ""
                },
                "aws_security_group.worker": {
                    "type": "aws_security_group",
                    "depends_on": [],
                    "primary": {
                        "id": "sg-a8b875d5",
                        "attributes": {
                            "description": "Allow inbound traffic for worker nodes",
                            "egress.#": "0",
                            "id": "sg-a8b875d5",
                            "ingress.#": "7",
                            "ingress.137880784.cidr_blocks.#": "1",
                            "ingress.137880784.cidr_blocks.0": "0.0.0.0/0",
                            "ingress.137880784.from_port": "5050",
                            "ingress.137880784.ipv6_cidr_blocks.#": "0",
                            "ingress.137880784.protocol": "tcp",
                            "ingress.137880784.security_groups.#": "0",
                            "ingress.137880784.self": "false",
                            "ingress.137880784.to_port": "5050",
                            "ingress.1799340084.cidr_blocks.#": "1",
                            "ingress.1799340084.cidr_blocks.0": "0.0.0.0/0",
                            "ingress.1799340084.from_port": "-1",
                            "ingress.1799340084.ipv6_cidr_blocks.#": "0",
                            "ingress.1799340084.protocol": "icmp",
                            "ingress.1799340084.security_groups.#": "0",
                            "ingress.1799340084.self": "false",
                            "ingress.1799340084.to_port": "-1",
                            "ingress.2214680975.cidr_blocks.#": "1",
                            "ingress.2214680975.cidr_blocks.0": "0.0.0.0/0",
                            "ingress.2214680975.from_port": "80",
                            "ingress.2214680975.ipv6_cidr_blocks.#": "0",
                            "ingress.2214680975.protocol": "tcp",
                            "ingress.2214680975.security_groups.#": "0",
                            "ingress.2214680975.self": "false",
                            "ingress.2214680975.to_port": "80",
                            "ingress.2541437006.cidr_blocks.#": "1",
                            "ingress.2541437006.cidr_blocks.0": "0.0.0.0/0",
                            "ingress.2541437006.from_port": "22",
                            "ingress.2541437006.ipv6_cidr_blocks.#": "0",
                            "ingress.2541437006.protocol": "tcp",
                            "ingress.2541437006.security_groups.#": "0",
                            "ingress.2541437006.self": "false",
                            "ingress.2541437006.to_port": "22",
                            "ingress.2617001939.cidr_blocks.#": "1",
                            "ingress.2617001939.cidr_blocks.0": "0.0.0.0/0",
                            "ingress.2617001939.from_port": "443",
                            "ingress.2617001939.ipv6_cidr_blocks.#": "0",
                            "ingress.2617001939.protocol": "tcp",
                            "ingress.2617001939.security_groups.#": "0",
                            "ingress.2617001939.self": "false",
                            "ingress.2617001939.to_port": "443",
                            "ingress.3482902040.cidr_blocks.#": "1",
                            "ingress.3482902040.cidr_blocks.0": "0.0.0.0/0",
                            "ingress.3482902040.from_port": "8500",
                            "ingress.3482902040.ipv6_cidr_blocks.#": "0",
                            "ingress.3482902040.protocol": "tcp",
                            "ingress.3482902040.security_groups.#": "0",
                            "ingress.3482902040.self": "false",
                            "ingress.3482902040.to_port": "8500",
                            "ingress.516175195.cidr_blocks.#": "1",
                            "ingress.516175195.cidr_blocks.0": "0.0.0.0/0",
                            "ingress.516175195.from_port": "8080",
                            "ingress.516175195.ipv6_cidr_blocks.#": "0",
                            "ingress.516175195.protocol": "tcp",
                            "ingress.516175195.security_groups.#": "0",
                            "ingress.516175195.self": "false",
                            "ingress.516175195.to_port": "8080",
                            "name": "mantl-worker",
                            "owner_id": "186454388355",
                            "tags.%": "1",
                            "tags.KubernetesCluster": "mantl",
                            "vpc_id": "vpc-55fc9533"
                        },
                        "meta": {},
                        "tainted": false
                    },
                    "deposed": [],
                    "provider": ""
                }
            },
            "depends_on": []
        },
        {
            "path": [
                "root",
                "ssh-key"
            ],
            "outputs": {
                "ssh_key_name": {
                    "sensitive": false,
                    "type": "string",
                    "value": "key-mantl"
                }
            },
            "resources": {
                "aws_key_pair.deployer": {
                    "type": "aws_key_pair",
                    "depends_on": [],
                    "primary": {
                        "id": "key-mantl",
                        "attributes": {
                            "id": "key-mantl",
                            "key_name": "key-mantl",
                            "public_key": "ssh-rsa AAAAB3NzaC1yc2EAAAADAQABAAABAQDh/pa8IkN1vfFIIgjYoD0pTd7QQvzNpG9aI80xGdX+CukGiHl1tFDDDz8atE/3pT25zGhXqlryl2yB54iknP48eiIpg8Pgn5zrNNbeJqBhIFmpuLIMPKpgnSSnYUoqGeCGiTWwEnQM2DRJt8RDvQch6Akw3+XiUhc4PlYDGzU4CptuDLz03PJGg85tEQA+4Kthr5mu16rtr0jg1VumLhs67d54ZVPI0HnK5Nc3a4qXvEtqPwYq7ecaPE7AqWb/UJshakKp05OjL6JXExAviIZ8Tro2GJMj3hfQA4rdnWSQ599lwm/crJXG5fLfdxVTkyQVQCGq/c3FKvpXtR5eL26p hongqizhang@hongqis-MacBook-Pro.local"
                        },
                        "meta": {
                            "schema_version": "1"
                        },
                        "tainted": false
                    },
                    "deposed": [],
                    "provider": ""
                }
            },
            "depends_on": []
        },
        {
            "path": [
                "root",
                "vpc"
            ],
            "outputs": {
                "availability_zones": {
                    "sensitive": false,
                    "type": "string",
                    "value": "us-west-2a,us-west-2b,us-west-2c"
                },
                "default_security_group": {
                    "sensitive": false,
                    "type": "string",
                    "value": "sg-afbf72d2"
                },
                "subnet_ids": {
                    "sensitive": false,
                    "type": "string",
                    "value": "subnet-b75b84ff,subnet-4409b722,subnet-518bc80a"
                },
                "vpc_id": {
                    "sensitive": false,
                    "type": "string",
                    "value": "vpc-55fc9533"
                }
            },
            "resources": {
                "aws_internet_gateway.main": {
                    "type": "aws_internet_gateway",
                    "depends_on": [
                        "aws_vpc.main"
                    ],
                    "primary": {
                        "id": "igw-5e327e39",
                        "attributes": {
                            "id": "igw-5e327e39",
                            "tags.%": "2",
                            "tags.KubernetesCluster": "mantl",
                            "tags.Name": "mantl",
                            "vpc_id": "vpc-55fc9533"
                        },
                        "meta": {},
                        "tainted": false
                    },
                    "deposed": [],
                    "provider": ""
                },
                "aws_main_route_table_association.main": {
                    "type": "aws_main_route_table_association",
                    "depends_on": [
                        "aws_route_table.main",
                        "aws_vpc.main"
                    ],
                    "primary": {
                        "id": "rtbassoc-e27b1f9a",
                        "attributes": {
                            "id": "rtbassoc-e27b1f9a",
                            "original_route_table_id": "rtb-a4e036dd",
                            "route_table_id": "rtb-3fe13746",
                            "vpc_id": "vpc-55fc9533"
                        },
                        "meta": {},
                        "tainted": false
                    },
                    "deposed": [],
                    "provider": ""
                },
                "aws_route_table.main": {
                    "type": "aws_route_table",
                    "depends_on": [
                        "aws_internet_gateway.main",
                        "aws_vpc.main"
                    ],
                    "primary": {
                        "id": "rtb-3fe13746",
                        "attributes": {
                            "id": "rtb-3fe13746",
                            "propagating_vgws.#": "0",
                            "route.#": "1",
                            "route.527145154.cidr_block": "0.0.0.0/0",
                            "route.527145154.egress_only_gateway_id": "",
                            "route.527145154.gateway_id": "igw-5e327e39",
                            "route.527145154.instance_id": "",
                            "route.527145154.ipv6_cidr_block": "",
                            "route.527145154.nat_gateway_id": "",
                            "route.527145154.network_interface_id": "",
                            "route.527145154.vpc_peering_connection_id": "",
                            "tags.%": "2",
                            "tags.KubernetesCluster": "mantl",
                            "tags.Name": "mantl",
                            "vpc_id": "vpc-55fc9533"
                        },
                        "meta": {},
                        "tainted": false
                    },
                    "deposed": [],
                    "provider": ""
                },
                "aws_route_table_association.main.0": {
                    "type": "aws_route_table_association",
                    "depends_on": [
                        "aws_route_table.main",
                        "aws_subnet.main.*"
                    ],
                    "primary": {
                        "id": "rtbassoc-bc791dc4",
                        "attributes": {
                            "id": "rtbassoc-bc791dc4",
                            "route_table_id": "rtb-3fe13746",
                            "subnet_id": "subnet-b75b84ff"
                        },
                        "meta": {},
                        "tainted": false
                    },
                    "deposed": [],
                    "provider": ""
                },
                "aws_route_table_association.main.1": {
                    "type": "aws_route_table_association",
                    "depends_on": [
                        "aws_route_table.main",
                        "aws_subnet.main.*"
                    ],
                    "primary": {
                        "id": "rtbassoc-907f1be8",
                        "attributes": {
                            "id": "rtbassoc-907f1be8",
                            "route_table_id": "rtb-3fe13746",
                            "subnet_id": "subnet-4409b722"
                        },
                        "meta": {},
                        "tainted": false
                    },
                    "deposed": [],
                    "provider": ""
                },
                "aws_route_table_association.main.2": {
                    "type": "aws_route_table_association",
                    "depends_on": [
                        "aws_route_table.main",
                        "aws_subnet.main.*"
                    ],
                    "primary": {
                        "id": "rtbassoc-db781ca3",
                        "attributes": {
                            "id": "rtbassoc-db781ca3",
                            "route_table_id": "rtb-3fe13746",
                            "subnet_id": "subnet-518bc80a"
                        },
                        "meta": {},
                        "tainted": false
                    },
                    "deposed": [],
                    "provider": ""
                },
                "aws_subnet.main.0": {
                    "type": "aws_subnet",
                    "depends_on": [
                        "aws_vpc.main"
                    ],
                    "primary": {
                        "id": "subnet-b75b84ff",
                        "attributes": {
                            "assign_ipv6_address_on_creation": "false",
                            "availability_zone": "us-west-2a",
                            "cidr_block": "10.1.1.0/24",
                            "id": "subnet-b75b84ff",
                            "map_public_ip_on_launch": "false",
                            "tags.%": "2",
                            "tags.KubernetesCluster": "mantl",
                            "tags.Name": "mantl",
                            "vpc_id": "vpc-55fc9533"
                        },
                        "meta": {
                            "schema_version": "1"
                        },
                        "tainted": false
                    },
                    "deposed": [],
                    "provider": ""
                },
                "aws_subnet.main.1": {
                    "type": "aws_subnet",
                    "depends_on": [
                        "aws_vpc.main"
                    ],
                    "primary": {
                        "id": "subnet-4409b722",
                        "attributes": {
                            "assign_ipv6_address_on_creation": "false",
                            "availability_zone": "us-west-2b",
                            "cidr_block": "10.1.2.0/24",
                            "id": "subnet-4409b722",
                            "map_public_ip_on_launch": "false",
                            "tags.%": "2",
                            "tags.KubernetesCluster": "mantl",
                            "tags.Name": "mantl",
                            "vpc_id": "vpc-55fc9533"
                        },
                        "meta": {
                            "schema_version": "1"
                        },
                        "tainted": false
                    },
                    "deposed": [],
                    "provider": ""
                },
                "aws_subnet.main.2": {
                    "type": "aws_subnet",
                    "depends_on": [
                        "aws_vpc.main"
                    ],
                    "primary": {
                        "id": "subnet-518bc80a",
                        "attributes": {
                            "assign_ipv6_address_on_creation": "false",
                            "availability_zone": "us-west-2c",
                            "cidr_block": "10.1.3.0/24",
                            "id": "subnet-518bc80a",
                            "map_public_ip_on_launch": "false",
                            "tags.%": "2",
                            "tags.KubernetesCluster": "mantl",
                            "tags.Name": "mantl",
                            "vpc_id": "vpc-55fc9533"
                        },
                        "meta": {
                            "schema_version": "1"
                        },
                        "tainted": false
                    },
                    "deposed": [],
                    "provider": ""
                },
                "aws_vpc.main": {
                    "type": "aws_vpc",
                    "depends_on": [],
                    "primary": {
                        "id": "vpc-55fc9533",
                        "attributes": {
                            "assign_generated_ipv6_cidr_block": "false",
                            "cidr_block": "10.1.0.0/21",
                            "default_network_acl_id": "acl-b29093d4",
                            "default_route_table_id": "rtb-a4e036dd",
                            "default_security_group_id": "sg-afbf72d2",
                            "dhcp_options_id": "dopt-89209ded",
                            "enable_classiclink": "false",
                            "enable_dns_hostnames": "true",
                            "enable_dns_support": "true",
                            "id": "vpc-55fc9533",
                            "instance_tenancy": "default",
                            "main_route_table_id": "rtb-a4e036dd",
                            "tags.%": "2",
                            "tags.KubernetesCluster": "mantl",
                            "tags.Name": "mantl"
                        },
                        "meta": {
                            "schema_version": "1"
                        },
                        "tainted": false
                    },
                    "deposed": [],
                    "provider": ""
                }
            },
            "depends_on": []
        }
    ]
}
