{
    "version": 3,
    "terraform_version": "0.9.11",
    "serial": 0,
    "lineage": "3dacfdd3-5d32-4b84-95c1-d29df785b473",
    "modules": [
        {
            "path": [
                "root"
            ],
            "outputs": {},
            "resources": {
                "aws_instance.control_node": {
                    "type": "aws_instance",
                    "depends_on": [
                        "aws_subnet.default"
                    ],
                    "primary": {
                        "id": "i-08ae6458decdaf0a8",
                        "attributes": {
                            "ami": "ami-d2c924b2",
                            "associate_public_ip_address": "true",
                            "availability_zone": "us-west-2a",
                            "disable_api_termination": "false",
                            "ebs_block_device.#": "0",
                            "ebs_optimized": "false",
                            "ephemeral_block_device.#": "0",
                            "iam_instance_profile": "",
                            "id": "i-08ae6458decdaf0a8",
                            "instance_state": "running",
                            "instance_type": "m3.medium",
                            "ipv6_addresses.#": "0",
                            "key_name": "",
                            "monitoring": "false",
                            "network_interface.#": "0",
                            "network_interface_id": "eni-ab8aeb94",
                            "primary_network_interface_id": "eni-ab8aeb94",
                            "private_dns": "ip-10-0-1-8.us-west-2.compute.internal",
                            "private_ip": "10.0.1.8",
                            "public_dns": "",
                            "public_ip": "34.210.104.192",
                            "root_block_device.#": "1",
                            "root_block_device.0.delete_on_termination": "true",
                            "root_block_device.0.iops": "100",
                            "root_block_device.0.volume_size": "20",
                            "root_block_device.0.volume_type": "gp2",
                            "security_groups.#": "0",
                            "source_dest_check": "true",
                            "subnet_id": "subnet-2995a760",
                            "tags.%": "5",
                            "tags.KubernetesCluster": "mantl",
                            "tags.Name": "mantl-control-01",
                            "tags.dc": "aws-us-west-2",
                            "tags.role": "control",
                            "tags.sshUser": "centos",
                            "tenancy": "default",
                            "volume_tags.%": "0",
                            "vpc_security_group_ids.#": "1",
                            "vpc_security_group_ids.1125253701": "sg-36f1514c"
                        },
                        "meta": {
                            "e2bfb730-ecaa-11e6-8f88-34363bc7c4c0": {
                                "create": 600000000000,
                                "delete": 600000000000,
                                "update": 600000000000
                            },
                            "schema_version": "1"
                        },
                        "tainted": false
                    },
                    "deposed": [],
                    "provider": ""
                },
                "aws_subnet.default": {
                    "type": "aws_subnet",
                    "depends_on": [
                        "aws_vpc.default"
                    ],
                    "primary": {
                        "id": "subnet-2995a760",
                        "attributes": {
                            "assign_ipv6_address_on_creation": "false",
                            "availability_zone": "us-west-2a",
                            "cidr_block": "10.0.1.0/24",
                            "id": "subnet-2995a760",
                            "map_public_ip_on_launch": "true",
                            "tags.%": "0",
                            "vpc_id": "vpc-a6408ec0"
                        },
                        "meta": {
                            "schema_version": "1"
                        },
                        "tainted": false
                    },
                    "deposed": [],
                    "provider": ""
                },
                "aws_vpc.default": {
                    "type": "aws_vpc",
                    "depends_on": [],
                    "primary": {
                        "id": "vpc-a6408ec0",
                        "attributes": {
                            "assign_generated_ipv6_cidr_block": "false",
                            "cidr_block": "10.0.0.0/16",
                            "default_network_acl_id": "acl-2805944e",
                            "default_route_table_id": "rtb-96cc9cf0",
                            "default_security_group_id": "sg-36f1514c",
                            "dhcp_options_id": "dopt-89209ded",
                            "enable_classiclink": "false",
                            "enable_dns_hostnames": "false",
                            "enable_dns_support": "true",
                            "id": "vpc-a6408ec0",
                            "instance_tenancy": "default",
                            "main_route_table_id": "rtb-96cc9cf0",
                            "tags.%": "0"
                        },
                        "meta": {
                            "schema_version": "1"
                        },
                        "tainted": false
                    },
                    "deposed": [],
                    "provider": ""
                }
            },
            "depends_on": []
        },
        {
            "path": [
                "root",
                "route53"
            ],
            "outputs": {
                "control_fqdn": {
                    "sensitive": false,
                    "type": "string",
                    "value": "mantl-control-01.node.hongqi.com"
                }
            },
            "resources": {
                "aws_route53_record.dns-control": {
                    "type": "aws_route53_record",
                    "depends_on": [],
                    "primary": {
                        "id": "Z15OHQVEEQ76RR_mantl-control-01.node.hongqi.com._A",
                        "attributes": {
                            "fqdn": "mantl-control-01.node.hongqi.com",
                            "health_check_id": "",
                            "id": "Z15OHQVEEQ76RR_mantl-control-01.node.hongqi.com._A",
                            "name": "mantl-control-01.node.hongqi.com",
                            "records.#": "1",
                            "records.4176347143": "34.210.104.192",
                            "set_identifier": "",
                            "ttl": "60",
                            "type": "A",
                            "zone_id": "Z15OHQVEEQ76RR"
                        },
                        "meta": {
                            "schema_version": "2"
                        },
                        "tainted": false
                    },
                    "deposed": [],
                    "provider": ""
                },
                "aws_route53_record.dns-control-group": {
                    "type": "aws_route53_record",
                    "depends_on": [],
                    "primary": {
                        "id": "Z15OHQVEEQ76RR_control.dev.hongqi.com._A",
                        "attributes": {
                            "fqdn": "control.dev.hongqi.com",
                            "health_check_id": "",
                            "id": "Z15OHQVEEQ76RR_control.dev.hongqi.com._A",
                            "name": "control.dev.hongqi.com",
                            "records.#": "1",
                            "records.4176347143": "34.210.104.192",
                            "set_identifier": "",
                            "ttl": "60",
                            "type": "A",
                            "zone_id": "Z15OHQVEEQ76RR"
                        },
                        "meta": {
                            "schema_version": "2"
                        },
                        "tainted": false
                    },
                    "deposed": [],
                    "provider": ""
                }
            },
            "depends_on": []
        }
    ]
}
